<?xml version="1.0" encoding="utf-8"?>
<Project ToolsVersion="4.0" xmlns="http://schemas.microsoft.com/developer/msbuild/2003">
  <ItemGroup>
    <ClCompile Include="Collision.cpp">
      <Filter>Components</Filter>
    </ClCompile>
    <ClCompile Include="GameGlobal.cpp">
      <Filter>Components</Filter>
    </ClCompile>
    <ClCompile Include="Player.cpp">
      <Filter>Objects\Player</Filter>
    </ClCompile>
    <ClCompile Include="PlayerAttackingState.cpp">
      <Filter>Objects\Player</Filter>
    </ClCompile>
    <ClCompile Include="PlayerClimbingState.cpp">
      <Filter>Objects\Player</Filter>
    </ClCompile>
    <ClCompile Include="PlayerClingingState.cpp">
      <Filter>Objects\Player</Filter>
    </ClCompile>
    <ClCompile Include="PlayerFallingState.cpp">
      <Filter>Objects\Player</Filter>
    </ClCompile>
    <ClCompile Include="PlayerInjuredState.cpp">
      <Filter>Objects\Player</Filter>
    </ClCompile>
    <ClCompile Include="PlayerJumpingState.cpp">
      <Filter>Objects\Player</Filter>
    </ClCompile>
    <ClCompile Include="PlayerRunningState.cpp">
      <Filter>Objects\Player</Filter>
    </ClCompile>
    <ClCompile Include="PlayerSittingState.cpp">
      <Filter>Objects\Player</Filter>
    </ClCompile>
    <ClCompile Include="PlayerStandingState.cpp">
      <Filter>Objects\Player</Filter>
    </ClCompile>
    <ClCompile Include="EnemySprite.cpp">
      <Filter>Objects\Enemy</Filter>
    </ClCompile>
    <ClCompile Include="Game.cpp">
      <Filter>Components</Filter>
    </ClCompile>
    <ClCompile Include="Cell.cpp">
      <Filter>Components</Filter>
    </ClCompile>
    <ClCompile Include="Grid.cpp">
      <Filter>Components</Filter>
    </ClCompile>
    <ClCompile Include="PlayScene.cpp">
      <Filter>Scenes</Filter>
    </ClCompile>
    <ClCompile Include="SceneManager.cpp">
      <Filter>Scenes</Filter>
    </ClCompile>
    <ClCompile Include="Camera.cpp">
      <Filter>Components</Filter>
    </ClCompile>
    <ClCompile Include="WeaponBlueShuriken.cpp">
      <Filter>Objects\Weapon</Filter>
    </ClCompile>
    <ClCompile Include="WeaponRedShuriken.cpp">
      <Filter>Objects\Weapon</Filter>
    </ClCompile>
    <ClCompile Include="Sprite.cpp">
      <Filter>Graphics</Filter>
    </ClCompile>
    <ClCompile Include="SpriteFactory.cpp">
      <Filter>Graphics</Filter>
    </ClCompile>
    <ClCompile Include="TextureFactory.cpp">
      <Filter>Graphics</Filter>
    </ClCompile>
    <ClCompile Include="MapFactory.cpp">
      <Filter>Graphics</Filter>
    </ClCompile>
    <ClCompile Include="Map.cpp">
      <Filter>Graphics</Filter>
    </ClCompile>
    <ClCompile Include="Animation.cpp">
      <Filter>Graphics</Filter>
    </ClCompile>
    <ClCompile Include="Sound.cpp">
      <Filter>Components</Filter>
    </ClCompile>
    <ClCompile Include="FontSprite.cpp">
      <Filter>Scoreboard</Filter>
    </ClCompile>
    <ClCompile Include="ScoreBoard.cpp">
      <Filter>Scoreboard</Filter>
    </ClCompile>
    <ClCompile Include="EndScene.cpp">
      <Filter>Scenes</Filter>
    </ClCompile>
    <ClCompile Include="IntroScene.cpp">
      <Filter>Scenes</Filter>
    </ClCompile>
    <ClCompile Include="main.cpp">
      <Filter>Components</Filter>
    </ClCompile>
    <ClCompile Include="Object.cpp">
      <Filter>Components</Filter>
    </ClCompile>
    <ClCompile Include="EnemySoldier.cpp">
      <Filter>Objects\Enemy\Soldier</Filter>
    </ClCompile>
    <ClCompile Include="EnemyBazokaMan.cpp">
      <Filter>Objects\Enemy\Bazoka</Filter>
    </ClCompile>
    <ClCompile Include="EnemyBoss.cpp">
      <Filter>Objects\Enemy\Boss</Filter>
    </ClCompile>
    <ClCompile Include="EnemyCloakMan.cpp">
      <Filter>Objects\Enemy\CloakMan</Filter>
    </ClCompile>
    <ClCompile Include="EnemyEagle.cpp">
      <Filter>Objects\Enemy\Eagle</Filter>
    </ClCompile>
    <ClCompile Include="EnemyGunMan.cpp">
      <Filter>Objects\Enemy\GunMan</Filter>
    </ClCompile>
    <ClCompile Include="EnemyPanther.cpp">
      <Filter>Objects\Enemy\Panther</Filter>
    </ClCompile>
    <ClCompile Include="EnemyRunMan.cpp">
      <Filter>Objects\Enemy\RunMan</Filter>
    </ClCompile>
    <ClCompile Include="EnemySwordMan.cpp">
      <Filter>Objects\Enemy\SwordMan</Filter>
    </ClCompile>
  </ItemGroup>
  <ItemGroup>
    <ClInclude Include="Camera.h">
      <Filter>Components</Filter>
    </ClInclude>
    <ClInclude Include="Collision.h">
      <Filter>Components</Filter>
    </ClInclude>
    <ClInclude Include="GameGlobal.h">
      <Filter>Components</Filter>
    </ClInclude>
    <ClInclude Include="Player.h">
      <Filter>Objects\Player</Filter>
    </ClInclude>
    <ClInclude Include="PlayerClimbingState.h">
      <Filter>Objects\Player</Filter>
    </ClInclude>
    <ClInclude Include="PlayerClingingState.h">
      <Filter>Objects\Player</Filter>
    </ClInclude>
    <ClInclude Include="PlayerFallingState.h">
      <Filter>Objects\Player</Filter>
    </ClInclude>
    <ClInclude Include="PlayerInjuredState.h">
      <Filter>Objects\Player</Filter>
    </ClInclude>
    <ClInclude Include="PlayerJumpingState.h">
      <Filter>Objects\Player</Filter>
    </ClInclude>
    <ClInclude Include="PlayerRunningState.h">
      <Filter>Objects\Player</Filter>
    </ClInclude>
    <ClInclude Include="PlayerSittingState.h">
      <Filter>Objects\Player</Filter>
    </ClInclude>
    <ClInclude Include="PlayerSprite.h">
      <Filter>Objects\Player</Filter>
    </ClInclude>
    <ClInclude Include="PlayerStandingState.h">
      <Filter>Objects\Player</Filter>
    </ClInclude>
    <ClInclude Include="PlayerState.h">
      <Filter>Objects\Player</Filter>
    </ClInclude>
    <ClInclude Include="Enemy.h">
      <Filter>Objects\Enemy</Filter>
    </ClInclude>
    <ClInclude Include="EnemySprite.h">
      <Filter>Objects\Enemy</Filter>
    </ClInclude>
    <ClInclude Include="Game.h">
      <Filter>Components</Filter>
    </ClInclude>
    <ClInclude Include="EnemyFactory.h">
      <Filter>Objects\Enemy</Filter>
    </ClInclude>
    <ClInclude Include="Holder.h">
      <Filter>Objects\Holder</Filter>
    </ClInclude>
    <ClInclude Include="HolderButterfly.h">
      <Filter>Objects\Holder</Filter>
    </ClInclude>
    <ClInclude Include="HolderSprite.h">
      <Filter>Objects\Holder</Filter>
    </ClInclude>
    <ClInclude Include="Cell.h">
      <Filter>Components</Filter>
    </ClInclude>
    <ClInclude Include="Grid.h">
      <Filter>Components</Filter>
    </ClInclude>
    <ClInclude Include="PlayScene.h">
      <Filter>Scenes</Filter>
    </ClInclude>
    <ClInclude Include="Scene.h">
      <Filter>Scenes</Filter>
    </ClInclude>
    <ClInclude Include="SceneManager.h">
      <Filter>Scenes</Filter>
    </ClInclude>
    <ClInclude Include="PlayerAttackingState.h">
      <Filter>Objects\Player</Filter>
    </ClInclude>
    <ClInclude Include="WeaponSprite.h">
      <Filter>Objects\Weapon</Filter>
    </ClInclude>
    <ClInclude Include="WeaponSword.h">
      <Filter>Objects\Weapon</Filter>
    </ClInclude>
    <ClInclude Include="Item.h">
      <Filter>Objects\Item</Filter>
    </ClInclude>
    <ClInclude Include="ItemSprite.h">
      <Filter>Objects\Item</Filter>
    </ClInclude>
    <ClInclude Include="HolderFactory.h">
      <Filter>Objects\Holder</Filter>
    </ClInclude>
    <ClInclude Include="ItemFactory.h">
      <Filter>Objects\Item</Filter>
    </ClInclude>
    <ClInclude Include="ItemBlueSpirit.h">
      <Filter>Objects\Item</Filter>
    </ClInclude>
    <ClInclude Include="ItemRedSpirit.h">
      <Filter>Objects\Item</Filter>
    </ClInclude>
    <ClInclude Include="ItemGlassHour.h">
      <Filter>Objects\Item</Filter>
    </ClInclude>
    <ClInclude Include="ItemRedBag.h">
      <Filter>Objects\Item</Filter>
    </ClInclude>
    <ClInclude Include="ItemBlueShuriken.h">
      <Filter>Objects\Item</Filter>
    </ClInclude>
    <ClInclude Include="ItemBlueBag.h">
      <Filter>Objects\Item</Filter>
    </ClInclude>
    <ClInclude Include="ItemFireWheel.h">
      <Filter>Objects\Item</Filter>
    </ClInclude>
    <ClInclude Include="ItemRedPotion.h">
      <Filter>Objects\Item</Filter>
    </ClInclude>
    <ClInclude Include="WeaponFactory.h">
      <Filter>Objects\Weapon</Filter>
    </ClInclude>
    <ClInclude Include="Weapon.h">
      <Filter>Objects\Weapon</Filter>
    </ClInclude>
    <ClInclude Include="WeaponBlueShuriken.h">
      <Filter>Objects\Weapon</Filter>
    </ClInclude>
    <ClInclude Include="WeaponFireWheel.h">
      <Filter>Objects\Weapon</Filter>
    </ClInclude>
    <ClInclude Include="BulletSprite.h">
      <Filter>Objects\Bullet</Filter>
    </ClInclude>
    <ClInclude Include="Bullet.h">
      <Filter>Objects\Bullet</Filter>
    </ClInclude>
    <ClInclude Include="BulletFactory.h">
      <Filter>Objects\Bullet</Filter>
    </ClInclude>
    <ClInclude Include="BulletCloakMan.h">
      <Filter>Objects\Bullet</Filter>
    </ClInclude>
    <ClInclude Include="BulletGunMan.h">
      <Filter>Objects\Bullet</Filter>
    </ClInclude>
    <ClInclude Include="HolderBird.h">
      <Filter>Objects\Holder</Filter>
    </ClInclude>
    <ClInclude Include="BulletBazokaMan.h">
      <Filter>Objects\Bullet</Filter>
    </ClInclude>
    <ClInclude Include="ItemRedShuriken.h">
      <Filter>Objects\Item</Filter>
    </ClInclude>
    <ClInclude Include="WeaponRedShuriken.h">
      <Filter>Objects\Weapon</Filter>
    </ClInclude>
    <ClInclude Include="TextureFactory.h">
      <Filter>Graphics</Filter>
    </ClInclude>
    <ClInclude Include="Sprite.h">
      <Filter>Graphics</Filter>
    </ClInclude>
    <ClInclude Include="SpriteFactory.h">
      <Filter>Graphics</Filter>
    </ClInclude>
    <ClInclude Include="MapFactory.h">
      <Filter>Graphics</Filter>
    </ClInclude>
    <ClInclude Include="Map.h">
      <Filter>Graphics</Filter>
    </ClInclude>
    <ClInclude Include="Animation.h">
      <Filter>Graphics</Filter>
    </ClInclude>
    <ClInclude Include="BulletBoss.h">
      <Filter>Objects\Bullet</Filter>
    </ClInclude>
    <ClInclude Include="Sound.h">
      <Filter>Components</Filter>
    </ClInclude>
    <ClInclude Include="FontSprite.h">
      <Filter>Scoreboard</Filter>
    </ClInclude>
    <ClInclude Include="ScoreBoard.h">
      <Filter>Scoreboard</Filter>
    </ClInclude>
    <ClInclude Include="EndScene.h">
      <Filter>Scenes</Filter>
    </ClInclude>
    <ClInclude Include="IntroScene.h">
      <Filter>Scenes</Filter>
    </ClInclude>
    <ClInclude Include="Object.h">
      <Filter>Components</Filter>
    </ClInclude>
    <ClInclude Include="EnemySoldier.h">
      <Filter>Objects\Enemy\Soldier</Filter>
    </ClInclude>
    <ClInclude Include="EnemyBazokaMan.h">
      <Filter>Objects\Enemy\Bazoka</Filter>
    </ClInclude>
    <ClInclude Include="EnemyBoss.h">
      <Filter>Objects\Enemy\Boss</Filter>
    </ClInclude>
    <ClInclude Include="EnemyCloakMan.h">
      <Filter>Objects\Enemy\CloakMan</Filter>
    </ClInclude>
    <ClInclude Include="EnemyEagle.h">
      <Filter>Objects\Enemy\Eagle</Filter>
    </ClInclude>
    <ClInclude Include="EnemyGunMan.h">
      <Filter>Objects\Enemy\GunMan</Filter>
    </ClInclude>
    <ClInclude Include="EnemyPanther.h">
      <Filter>Objects\Enemy\Panther</Filter>
    </ClInclude>
    <ClInclude Include="EnemyRunMan.h">
      <Filter>Objects\Enemy\RunMan</Filter>
    </ClInclude>
    <ClInclude Include="EnemySwordMan.h">
      <Filter>Objects\Enemy\SwordMan</Filter>
    </ClInclude>
  </ItemGroup>
  <ItemGroup>
    <Filter Include="Components">
      <UniqueIdentifier>{172ff221-35c0-4c87-a822-83ad55170033}</UniqueIdentifier>
    </Filter>
    <Filter Include="Graphics">
      <UniqueIdentifier>{3886177c-12cd-4ede-8b90-701ef62833dd}</UniqueIdentifier>
    </Filter>
    <Filter Include="Objects">
      <UniqueIdentifier>{554a4e09-eec3-47f5-bbb4-0bfad268c3f9}</UniqueIdentifier>
    </Filter>
    <Filter Include="Objects\Player">
      <UniqueIdentifier>{926c6d78-9f98-4b75-bc52-1798ff89c8f1}</UniqueIdentifier>
    </Filter>
    <Filter Include="Objects\Weapon">
      <UniqueIdentifier>{9c15a219-2622-45d4-aa02-5bcbe4d98392}</UniqueIdentifier>
    </Filter>
    <Filter Include="Objects\Item">
      <UniqueIdentifier>{86a75fb8-0621-4c07-aec8-2fc0380b1eac}</UniqueIdentifier>
    </Filter>
    <Filter Include="Objects\Bullet">
      <UniqueIdentifier>{770b8ccd-4dc6-4499-9882-fb8a051e2f06}</UniqueIdentifier>
    </Filter>
    <Filter Include="Objects\Enemy">
      <UniqueIdentifier>{49202c04-ee6f-4a67-86f3-fdcd21b66279}</UniqueIdentifier>
    </Filter>
    <Filter Include="Objects\Holder">
      <UniqueIdentifier>{5ea9c494-dfa2-48be-bc3b-260cd6efaf0d}</UniqueIdentifier>
    </Filter>
    <Filter Include="Scenes">
      <UniqueIdentifier>{24633098-6da2-4532-abc5-aba5edb116d7}</UniqueIdentifier>
    </Filter>
    <Filter Include="Scoreboard">
      <UniqueIdentifier>{835bcb8e-9a32-4e40-bbe4-1b80aaf07b2e}</UniqueIdentifier>
    </Filter>
    <Filter Include="Objects\Enemy\Bazoka">
      <UniqueIdentifier>{45af7c25-462f-4275-b920-1697a1b66a19}</UniqueIdentifier>
    </Filter>
    <Filter Include="Objects\Enemy\Boss">
      <UniqueIdentifier>{2522edd7-8fad-428b-a98c-c08d435b611e}</UniqueIdentifier>
    </Filter>
    <Filter Include="Objects\Enemy\CloakMan">
      <UniqueIdentifier>{757d927b-28c5-4368-b4be-d57b9400a8c5}</UniqueIdentifier>
    </Filter>
    <Filter Include="Objects\Enemy\Eagle">
      <UniqueIdentifier>{064f2db8-6d71-4f70-8bc2-67b6ffec8f9c}</UniqueIdentifier>
    </Filter>
    <Filter Include="Objects\Enemy\GunMan">
      <UniqueIdentifier>{41a578e7-2ce6-4564-8c74-e74b6a1c5309}</UniqueIdentifier>
    </Filter>
    <Filter Include="Objects\Enemy\Panther">
      <UniqueIdentifier>{177a07da-fbf0-4bab-8f36-376937fdc267}</UniqueIdentifier>
    </Filter>
    <Filter Include="Objects\Enemy\RunMan">
      <UniqueIdentifier>{547dfa10-d452-48d6-b338-73468e44494d}</UniqueIdentifier>
    </Filter>
    <Filter Include="Objects\Enemy\SwordMan">
      <UniqueIdentifier>{56cdcfad-8891-4bd4-9583-91c380a977f1}</UniqueIdentifier>
    </Filter>
    <Filter Include="Objects\Enemy\Soldier">
      <UniqueIdentifier>{d35cb647-8fb5-48c6-b5ed-10192fa4a6d8}</UniqueIdentifier>
    </Filter>
  </ItemGroup>
  <ItemGroup>
    <None Include="packages.config" />
  </ItemGroup>
</Project>