<?xml version="1.0" encoding="utf-8"?>
<Project ToolsVersion="4.0" xmlns="http://schemas.microsoft.com/developer/msbuild/2003">
  <ItemGroup>
    <Filter Include="ThirdParty">
      <UniqueIdentifier>{2acbe4e6-31f1-4fcd-b084-33eb1a984f68}</UniqueIdentifier>
    </Filter>
    <Filter Include="GameComponents">
      <UniqueIdentifier>{9c56d545-6a5d-4a89-a2ae-5fd454e76cd7}</UniqueIdentifier>
    </Filter>
    <Filter Include="Scenes">
      <UniqueIdentifier>{9f2b7642-e8a3-463e-adc6-5422168da4e5}</UniqueIdentifier>
    </Filter>
    <Filter Include="TransitionAndEffects">
      <UniqueIdentifier>{b09df92e-af88-4419-ba29-7536f8564bc7}</UniqueIdentifier>
    </Filter>
    <Filter Include="TransitionAndEffects\SceneTransition">
      <UniqueIdentifier>{592e059f-8276-4453-bb22-480d4b5b23c4}</UniqueIdentifier>
    </Filter>
    <Filter Include="Player">
      <UniqueIdentifier>{5f8243c9-b023-4a38-a06c-6715fc4d30d2}</UniqueIdentifier>
    </Filter>
    <Filter Include="Player\States">
      <UniqueIdentifier>{4e1e1140-b6b3-4817-a855-1a88593d5afd}</UniqueIdentifier>
    </Filter>
    <Filter Include="Bullets">
      <UniqueIdentifier>{de8a4aba-03dd-4f76-8405-67c455ff23ea}</UniqueIdentifier>
    </Filter>
    <Filter Include="Bullets\GunBoss1">
      <UniqueIdentifier>{446abd3f-3063-43d6-9640-de74bab42949}</UniqueIdentifier>
    </Filter>
    <Filter Include="Bullets\GunBoss1\States">
      <UniqueIdentifier>{1e6a4b7f-decf-4f99-ae76-241f7f531e29}</UniqueIdentifier>
    </Filter>
    <Filter Include="Bullets\GunBoss5">
      <UniqueIdentifier>{5e541195-0d70-4649-b17d-43ea7c5a25b7}</UniqueIdentifier>
    </Filter>
    <Filter Include="Bullets\GunBoss5\States">
      <UniqueIdentifier>{2a626046-e7eb-46ed-bcd7-aaa01b77cc6a}</UniqueIdentifier>
    </Filter>
  </ItemGroup>
  <ItemGroup>
    <ClCompile Include="base64.cpp">
      <Filter>ThirdParty</Filter>
    </ClCompile>
    <ClCompile Include="tinystr.cpp">
      <Filter>ThirdParty</Filter>
    </ClCompile>
    <ClCompile Include="tinyxml.cpp">
      <Filter>ThirdParty</Filter>
    </ClCompile>
    <ClCompile Include="tinyxmlerror.cpp">
      <Filter>ThirdParty</Filter>
    </ClCompile>
    <ClCompile Include="tinyxmlparser.cpp">
      <Filter>ThirdParty</Filter>
    </ClCompile>
    <ClCompile Include="WindowInit.cpp" />
    <ClCompile Include="KeyBoard.cpp">
      <Filter>GameComponents</Filter>
    </ClCompile>
    <ClCompile Include="Game.cpp">
      <Filter>GameComponents</Filter>
    </ClCompile>
    <ClCompile Include="SceneManager.cpp">
      <Filter>GameComponents</Filter>
    </ClCompile>
    <ClCompile Include="StartingScene.cpp">
      <Filter>Scenes</Filter>
    </ClCompile>
    <ClCompile Include="Graphics.cpp">
      <Filter>GameComponents</Filter>
    </ClCompile>
    <ClCompile Include="BitMapFont.cpp">
      <Filter>GameComponents</Filter>
    </ClCompile>
    <ClCompile Include="Sound.cpp">
      <Filter>GameComponents</Filter>
    </ClCompile>
    <ClCompile Include="UIComponents.cpp">
      <Filter>GameComponents</Filter>
    </ClCompile>
    <ClCompile Include="ViewPort.cpp">
      <Filter>GameComponents</Filter>
    </ClCompile>
    <ClCompile Include="Texture.cpp">
      <Filter>GameComponents</Filter>
    </ClCompile>
    <ClCompile Include="LoadingScene.cpp">
      <Filter>Scenes</Filter>
    </ClCompile>
    <ClCompile Include="SceneTransition.cpp">
      <Filter>TransitionAndEffects\SceneTransition</Filter>
    </ClCompile>
    <ClCompile Include="AmbientLight.cpp">
      <Filter>TransitionAndEffects</Filter>
    </ClCompile>
    <ClCompile Include="Lighting.cpp">
      <Filter>TransitionAndEffects</Filter>
    </ClCompile>
    <ClCompile Include="Shader.cpp">
      <Filter>TransitionAndEffects</Filter>
    </ClCompile>
    <ClCompile Include="TransitionCircleOpen.cpp">
      <Filter>TransitionAndEffects\SceneTransition</Filter>
    </ClCompile>
    <ClCompile Include="TransitionCircleScan.cpp">
      <Filter>TransitionAndEffects\SceneTransition</Filter>
    </ClCompile>
    <ClCompile Include="TransitionScan.cpp">
      <Filter>TransitionAndEffects\SceneTransition</Filter>
    </ClCompile>
    <ClCompile Include="Loader.cpp">
      <Filter>GameComponents</Filter>
    </ClCompile>
    <ClCompile Include="TextureArray.cpp">
      <Filter>GameComponents</Filter>
    </ClCompile>
    <ClCompile Include="PlayerClimbingState.cpp">
      <Filter>Player\States</Filter>
    </ClCompile>
    <ClCompile Include="PlayerDeadState.cpp">
      <Filter>Player\States</Filter>
    </ClCompile>
    <ClCompile Include="PlayerDivingState.cpp">
      <Filter>Player\States</Filter>
    </ClCompile>
    <ClCompile Include="PlayerJumpingState.cpp">
      <Filter>Player\States</Filter>
    </ClCompile>
    <ClCompile Include="PlayerRunningState.cpp">
      <Filter>Player\States</Filter>
    </ClCompile>
    <ClCompile Include="PlayerSprite.cpp">
      <Filter>Player</Filter>
    </ClCompile>
    <ClCompile Include="PlayerStandingState.cpp">
      <Filter>Player\States</Filter>
    </ClCompile>
    <ClCompile Include="PlayerSwimmingState.cpp">
      <Filter>Player\States</Filter>
    </ClCompile>
    <ClCompile Include="EnermyWhiteBullet.cpp">
      <Filter>Bullets</Filter>
    </ClCompile>
    <ClCompile Include="FBullet.cpp">
      <Filter>Bullets</Filter>
    </ClCompile>
    <ClCompile Include="GunBoss1Bullet.cpp">
      <Filter>Bullets\GunBoss1</Filter>
    </ClCompile>
    <ClCompile Include="GunBoss1BulletExploringState.cpp">
      <Filter>Bullets\GunBoss1\States</Filter>
    </ClCompile>
    <ClCompile Include="GunBoss1BulletMovingState.cpp">
      <Filter>Bullets\GunBoss1\States</Filter>
    </ClCompile>
    <ClCompile Include="GunBoss5Bullet.cpp">
      <Filter>Bullets\GunBoss5</Filter>
    </ClCompile>
    <ClCompile Include="GunBoss5BulletExploringState.cpp">
      <Filter>Bullets\GunBoss5\States</Filter>
    </ClCompile>
    <ClCompile Include="GunBoss5BulletMovingState.cpp">
      <Filter>Bullets\GunBoss5\States</Filter>
    </ClCompile>
    <ClCompile Include="LBullet.cpp">
      <Filter>Bullets</Filter>
    </ClCompile>
    <ClCompile Include="MBullet.cpp">
      <Filter>Bullets</Filter>
    </ClCompile>
  </ItemGroup>
  <ItemGroup>
    <ClInclude Include="base64.h">
      <Filter>ThirdParty</Filter>
    </ClInclude>
    <ClInclude Include="tinystr.h">
      <Filter>ThirdParty</Filter>
    </ClInclude>
    <ClInclude Include="tinyxml.h">
      <Filter>ThirdParty</Filter>
    </ClInclude>
    <ClInclude Include="zconf.h">
      <Filter>ThirdParty</Filter>
    </ClInclude>
    <ClInclude Include="zlib.h">
      <Filter>ThirdParty</Filter>
    </ClInclude>
    <ClInclude Include="KeyBoard.h">
      <Filter>GameComponents</Filter>
    </ClInclude>
    <ClInclude Include="Game.h">
      <Filter>GameComponents</Filter>
    </ClInclude>
    <ClInclude Include="SceneManager.h">
      <Filter>GameComponents</Filter>
    </ClInclude>
    <ClInclude Include="StartingScene.h">
      <Filter>Scenes</Filter>
    </ClInclude>
    <ClInclude Include="Graphics.h">
      <Filter>GameComponents</Filter>
    </ClInclude>
    <ClInclude Include="Rect.h">
      <Filter>GameComponents</Filter>
    </ClInclude>
    <ClInclude Include="BitMapFont.h">
      <Filter>GameComponents</Filter>
    </ClInclude>
    <ClInclude Include="Scene.h">
      <Filter>GameComponents</Filter>
    </ClInclude>
    <ClInclude Include="MenuScene.h">
      <Filter>Scenes</Filter>
    </ClInclude>
    <ClInclude Include="Sound.h">
      <Filter>GameComponents</Filter>
    </ClInclude>
    <ClInclude Include="UIComponents.h">
      <Filter>GameComponents</Filter>
    </ClInclude>
    <ClInclude Include="ViewPort.h">
      <Filter>GameComponents</Filter>
    </ClInclude>
    <ClInclude Include="Direction.h">
      <Filter>GameComponents</Filter>
    </ClInclude>
    <ClInclude Include="Camera.h">
      <Filter>GameComponents</Filter>
    </ClInclude>
    <ClInclude Include="Texture.h">
      <Filter>GameComponents</Filter>
    </ClInclude>
    <ClInclude Include="LoadingScene.h">
      <Filter>Scenes</Filter>
    </ClInclude>
    <ClInclude Include="SceneTransition.h">
      <Filter>TransitionAndEffects\SceneTransition</Filter>
    </ClInclude>
    <ClInclude Include="AmbientLight.h">
      <Filter>TransitionAndEffects</Filter>
    </ClInclude>
    <ClInclude Include="Lighting.h">
      <Filter>TransitionAndEffects</Filter>
    </ClInclude>
    <ClInclude Include="Shader.h">
      <Filter>TransitionAndEffects</Filter>
    </ClInclude>
    <ClInclude Include="TransitionCircleOpen.h">
      <Filter>TransitionAndEffects\SceneTransition</Filter>
    </ClInclude>
    <ClInclude Include="TransitionCircleScan.h">
      <Filter>TransitionAndEffects\SceneTransition</Filter>
    </ClInclude>
    <ClInclude Include="TransitionEffect.h">
      <Filter>TransitionAndEffects\SceneTransition</Filter>
    </ClInclude>
    <ClInclude Include="TransitionScan.h">
      <Filter>TransitionAndEffects\SceneTransition</Filter>
    </ClInclude>
    <ClInclude Include="Loader.h">
      <Filter>GameComponents</Filter>
    </ClInclude>
    <ClInclude Include="TextureArray.h">
      <Filter>GameComponents</Filter>
    </ClInclude>
    <ClInclude Include="PlayerClimbingState.h">
      <Filter>Player\States</Filter>
    </ClInclude>
    <ClInclude Include="PlayerData.h">
      <Filter>Player</Filter>
    </ClInclude>
    <ClInclude Include="PlayerDeadState.h">
      <Filter>Player\States</Filter>
    </ClInclude>
    <ClInclude Include="PlayerDivingState.h">
      <Filter>Player\States</Filter>
    </ClInclude>
    <ClInclude Include="PlayerFBulletMovingState.h">
      <Filter>Player\States</Filter>
    </ClInclude>
    <ClInclude Include="PlayerJumpingState.h">
      <Filter>Player\States</Filter>
    </ClInclude>
    <ClInclude Include="PlayerRunningState.h">
      <Filter>Player\States</Filter>
    </ClInclude>
    <ClInclude Include="PlayerSprite.h">
      <Filter>Player</Filter>
    </ClInclude>
    <ClInclude Include="PlayerStandingState.h">
      <Filter>Player\States</Filter>
    </ClInclude>
    <ClInclude Include="PlayerState.h">
      <Filter>Player</Filter>
    </ClInclude>
    <ClInclude Include="PlayerSwimmingState.h">
      <Filter>Player\States</Filter>
    </ClInclude>
    <ClInclude Include="BulletMovingState.h">
      <Filter>Bullets</Filter>
    </ClInclude>
    <ClInclude Include="BulletSprite.h">
      <Filter>Bullets</Filter>
    </ClInclude>
    <ClInclude Include="BulletState.h">
      <Filter>Bullets</Filter>
    </ClInclude>
    <ClInclude Include="EnermyWhiteBullet.h">
      <Filter>Bullets</Filter>
    </ClInclude>
    <ClInclude Include="FBullet.h">
      <Filter>Bullets</Filter>
    </ClInclude>
    <ClInclude Include="GunBoss1Bullet.h">
      <Filter>Bullets\GunBoss1</Filter>
    </ClInclude>
    <ClInclude Include="GunBoss1BulletExploringState.h">
      <Filter>Bullets\GunBoss1\States</Filter>
    </ClInclude>
    <ClInclude Include="GunBoss1BulletMovingState.h">
      <Filter>Bullets\GunBoss1\States</Filter>
    </ClInclude>
    <ClInclude Include="GunBoss5Bullet.h">
      <Filter>Bullets\GunBoss5</Filter>
    </ClInclude>
    <ClInclude Include="GunBoss5BulletExploringState.h">
      <Filter>Bullets\GunBoss5\States</Filter>
    </ClInclude>
    <ClInclude Include="GunBoss5BulletMovingState.h">
      <Filter>Bullets\GunBoss5\States</Filter>
    </ClInclude>
    <ClInclude Include="LBullet.h">
      <Filter>Bullets</Filter>
    </ClInclude>
    <ClInclude Include="MBullet.h">
      <Filter>Bullets</Filter>
    </ClInclude>
  </ItemGroup>
</Project>